<?xml version="1.0" encoding="utf-8"?>
<Project ToolsVersion="17.0" xmlns="http://schemas.microsoft.com/developer/msbuild/2003">
  <ItemGroup>
    <ClCompile Include="C:\Users\zhiro\source\repos\ZhiRong_Fu_Fall_24\glfw\src\context.c">
      <Filter>Source Files</Filter>
    </ClCompile>
    <ClCompile Include="C:\Users\zhiro\source\repos\ZhiRong_Fu_Fall_24\glfw\src\init.c">
      <Filter>Source Files</Filter>
    </ClCompile>
    <ClCompile Include="C:\Users\zhiro\source\repos\ZhiRong_Fu_Fall_24\glfw\src\input.c">
      <Filter>Source Files</Filter>
    </ClCompile>
    <ClCompile Include="C:\Users\zhiro\source\repos\ZhiRong_Fu_Fall_24\glfw\src\monitor.c">
      <Filter>Source Files</Filter>
    </ClCompile>
    <ClCompile Include="C:\Users\zhiro\source\repos\ZhiRong_Fu_Fall_24\glfw\src\platform.c">
      <Filter>Source Files</Filter>
    </ClCompile>
    <ClCompile Include="C:\Users\zhiro\source\repos\ZhiRong_Fu_Fall_24\glfw\src\vulkan.c">
      <Filter>Source Files</Filter>
    </ClCompile>
    <ClCompile Include="C:\Users\zhiro\source\repos\ZhiRong_Fu_Fall_24\glfw\src\window.c">
      <Filter>Source Files</Filter>
    </ClCompile>
    <ClCompile Include="C:\Users\zhiro\source\repos\ZhiRong_Fu_Fall_24\glfw\src\egl_context.c">
      <Filter>Source Files</Filter>
    </ClCompile>
    <ClCompile Include="C:\Users\zhiro\source\repos\ZhiRong_Fu_Fall_24\glfw\src\osmesa_context.c">
      <Filter>Source Files</Filter>
    </ClCompile>
    <ClCompile Include="C:\Users\zhiro\source\repos\ZhiRong_Fu_Fall_24\glfw\src\null_init.c">
      <Filter>Source Files</Filter>
    </ClCompile>
    <ClCompile Include="C:\Users\zhiro\source\repos\ZhiRong_Fu_Fall_24\glfw\src\null_monitor.c">
      <Filter>Source Files</Filter>
    </ClCompile>
    <ClCompile Include="C:\Users\zhiro\source\repos\ZhiRong_Fu_Fall_24\glfw\src\null_window.c">
      <Filter>Source Files</Filter>
    </ClCompile>
    <ClCompile Include="C:\Users\zhiro\source\repos\ZhiRong_Fu_Fall_24\glfw\src\null_joystick.c">
      <Filter>Source Files</Filter>
    </ClCompile>
    <ClCompile Include="C:\Users\zhiro\source\repos\ZhiRong_Fu_Fall_24\glfw\src\win32_module.c">
      <Filter>Source Files</Filter>
    </ClCompile>
    <ClCompile Include="C:\Users\zhiro\source\repos\ZhiRong_Fu_Fall_24\glfw\src\win32_time.c">
      <Filter>Source Files</Filter>
    </ClCompile>
    <ClCompile Include="C:\Users\zhiro\source\repos\ZhiRong_Fu_Fall_24\glfw\src\win32_thread.c">
      <Filter>Source Files</Filter>
    </ClCompile>
    <ClCompile Include="C:\Users\zhiro\source\repos\ZhiRong_Fu_Fall_24\glfw\src\win32_init.c">
      <Filter>Source Files</Filter>
    </ClCompile>
    <ClCompile Include="C:\Users\zhiro\source\repos\ZhiRong_Fu_Fall_24\glfw\src\win32_joystick.c">
      <Filter>Source Files</Filter>
    </ClCompile>
    <ClCompile Include="C:\Users\zhiro\source\repos\ZhiRong_Fu_Fall_24\glfw\src\win32_monitor.c">
      <Filter>Source Files</Filter>
    </ClCompile>
    <ClCompile Include="C:\Users\zhiro\source\repos\ZhiRong_Fu_Fall_24\glfw\src\win32_window.c">
      <Filter>Source Files</Filter>
    </ClCompile>
    <ClCompile Include="C:\Users\zhiro\source\repos\ZhiRong_Fu_Fall_24\glfw\src\wgl_context.c">
      <Filter>Source Files</Filter>
    </ClCompile>
  </ItemGroup>
  <ItemGroup>
    <ClInclude Include="C:\Users\zhiro\source\repos\ZhiRong_Fu_Fall_24\glfw\include\GLFW\glfw3.h">
      <Filter>Header Files</Filter>
    </ClInclude>
    <ClInclude Include="C:\Users\zhiro\source\repos\ZhiRong_Fu_Fall_24\glfw\include\GLFW\glfw3native.h">
      <Filter>Header Files</Filter>
    </ClInclude>
    <ClInclude Include="C:\Users\zhiro\source\repos\ZhiRong_Fu_Fall_24\glfw\src\internal.h">
      <Filter>Header Files</Filter>
    </ClInclude>
    <ClInclude Include="C:\Users\zhiro\source\repos\ZhiRong_Fu_Fall_24\glfw\src\platform.h">
      <Filter>Header Files</Filter>
    </ClInclude>
    <ClInclude Include="C:\Users\zhiro\source\repos\ZhiRong_Fu_Fall_24\glfw\src\mappings.h">
      <Filter>Header Files</Filter>
    </ClInclude>
    <ClInclude Include="C:\Users\zhiro\source\repos\ZhiRong_Fu_Fall_24\glfw\src\null_platform.h">
      <Filter>Header Files</Filter>
    </ClInclude>
    <ClInclude Include="C:\Users\zhiro\source\repos\ZhiRong_Fu_Fall_24\glfw\src\null_joystick.h">
      <Filter>Header Files</Filter>
    </ClInclude>
    <ClInclude Include="C:\Users\zhiro\source\repos\ZhiRong_Fu_Fall_24\glfw\src\win32_time.h">
      <Filter>Header Files</Filter>
    </ClInclude>
    <ClInclude Include="C:\Users\zhiro\source\repos\ZhiRong_Fu_Fall_24\glfw\src\win32_thread.h">
      <Filter>Header Files</Filter>
    </ClInclude>
    <ClInclude Include="C:\Users\zhiro\source\repos\ZhiRong_Fu_Fall_24\glfw\src\win32_platform.h">
      <Filter>Header Files</Filter>
    </ClInclude>
    <ClInclude Include="C:\Users\zhiro\source\repos\ZhiRong_Fu_Fall_24\glfw\src\win32_joystick.h">
      <Filter>Header Files</Filter>
    </ClInclude>
  </ItemGroup>
  <ItemGroup>
    <CustomBuild Include="C:\Users\zhiro\source\repos\ZhiRong_Fu_Fall_24\glfw\src\CMakeLists.txt" />
  </ItemGroup>
  <ItemGroup>
    <ResourceCompile Include="C:\Users\zhiro\source\repos\ZhiRong_Fu_Fall_24\glfw_build\src\glfw.rc">
      <Filter>Source Files</Filter>
    </ResourceCompile>
  </ItemGroup>
  <ItemGroup>
    <Filter Include="Header Files">
      <UniqueIdentifier>{EFFF2235-50B1-3DD6-9DEB-77F11BC73015}</UniqueIdentifier>
    </Filter>
    <Filter Include="Source Files">
      <UniqueIdentifier>{2F928A78-0BEF-3EFA-A39B-10C3074B2541}</UniqueIdentifier>
    </Filter>
  </ItemGroup>
</Project>
