<?xml version="1.0" encoding="utf-8"?>
<Project ToolsVersion="17.0" xmlns="http://schemas.microsoft.com/developer/msbuild/2003">
  <ItemGroup>
    <CustomBuild Include="C:\Users\zhiro\source\repos\ZhiRong_Fu_Fall_24\glfw_build\CMakeFiles\b5a8d161cbc7292eff404916fa1dc253\update_mappings.rule">
      <Filter>CMake Rules</Filter>
    </CustomBuild>
    <CustomBuild Include="C:\Users\zhiro\source\repos\ZhiRong_Fu_Fall_24\glfw\src\CMakeLists.txt" />
  </ItemGroup>
  <ItemGroup>
    <None Include="C:\Users\zhiro\source\repos\ZhiRong_Fu_Fall_24\glfw\src\mappings.h.in">
      <Filter>Header Files</Filter>
    </None>
    <None Include="C:\Users\zhiro\source\repos\ZhiRong_Fu_Fall_24\glfw\CMake\GenerateMappings.cmake" />
    <None Include="C:\Users\zhiro\source\repos\ZhiRong_Fu_Fall_24\glfw_build\src\CMakeFiles\update_mappings" />
  </ItemGroup>
  <ItemGroup>
    <Filter Include="CMake Rules">
      <UniqueIdentifier>{9836756E-7F05-3DC3-AECD-382040C55CC4}</UniqueIdentifier>
    </Filter>
    <Filter Include="Header Files">
      <UniqueIdentifier>{EFFF2235-50B1-3DD6-9DEB-77F11BC73015}</UniqueIdentifier>
    </Filter>
  </ItemGroup>
</Project>
